
Microsoft Visual Studio Solution File, Format Version 12.00
# Visual Studio Version 16
VisualStudioVersion = 16.0.30611.23
MinimumVisualStudioVersion = 10.0.40219.1
Project("{8BC9CEB8-8B4A-11D0-8D11-00A0C91BC942}") = "AdventOfCode_01", "AdventOfCode_01\AdventOfCode_01.vcxproj", "{7666540B-B874-4D75-BBB6-D56AE4E4E2DA}"
EndProject
Project("{8BC9CEB8-8B4A-11D0-8D11-00A0C91BC942}") = "AdventOfCode_02", "AdventOfCode_02\AdventOfCode_02.vcxproj", "{85798906-8506-4726-806E-6E0BBB6C6407}"
EndProject
Project("{8BC9CEB8-8B4A-11D0-8D11-00A0C91BC942}") = "AdventOfCode_03", "AdventOfCode_03\AdventOfCode_03.vcxproj", "{B8CC2888-3DAE-429F-809B-2F704F073F33}"
EndProject
Global
	GlobalSection(SolutionConfigurationPlatforms) = preSolution
		Debug|x64 = Debug|x64
		Debug|x86 = Debug|x86
		Release|x64 = Release|x64
		Release|x86 = Release|x86
	EndGlobalSection
	GlobalSection(ProjectConfigurationPlatforms) = postSolution
		{7666540B-B874-4D75-BBB6-D56AE4E4E2DA}.Debug|x64.ActiveCfg = Debug|x64
		{7666540B-B874-4D75-BBB6-D56AE4E4E2DA}.Debug|x64.Build.0 = Debug|x64
		{7666540B-B874-4D75-BBB6-D56AE4E4E2DA}.Debug|x86.ActiveCfg = Debug|Win32
		{7666540B-B874-4D75-BBB6-D56AE4E4E2DA}.Debug|x86.Build.0 = Debug|Win32
		{7666540B-B874-4D75-BBB6-D56AE4E4E2DA}.Release|x64.ActiveCfg = Release|x64
		{7666540B-B874-4D75-BBB6-D56AE4E4E2DA}.Release|x64.Build.0 = Release|x64
		{7666540B-B874-4D75-BBB6-D56AE4E4E2DA}.Release|x86.ActiveCfg = Release|Win32
		{7666540B-B874-4D75-BBB6-D56AE4E4E2DA}.Release|x86.Build.0 = Release|Win32
		{85798906-8506-4726-806E-6E0BBB6C6407}.Debug|x64.ActiveCfg = Debug|x64
		{85798906-8506-4726-806E-6E0BBB6C6407}.Debug|x64.Build.0 = Debug|x64
		{85798906-8506-4726-806E-6E0BBB6C6407}.Debug|x86.ActiveCfg = Debug|Win32
		{85798906-8506-4726-806E-6E0BBB6C6407}.Debug|x86.Build.0 = Debug|Win32
		{85798906-8506-4726-806E-6E0BBB6C6407}.Release|x64.ActiveCfg = Release|x64
		{85798906-8506-4726-806E-6E0BBB6C6407}.Release|x64.Build.0 = Release|x64
		{85798906-8506-4726-806E-6E0BBB6C6407}.Release|x86.ActiveCfg = Release|Win32
		{85798906-8506-4726-806E-6E0BBB6C6407}.Release|x86.Build.0 = Release|Win32
		{B8CC2888-3DAE-429F-809B-2F704F073F33}.Debug|x64.ActiveCfg = Debug|x64
		{B8CC2888-3DAE-429F-809B-2F704F073F33}.Debug|x64.Build.0 = Debug|x64
		{B8CC2888-3DAE-429F-809B-2F704F073F33}.Debug|x86.ActiveCfg = Debug|Win32
		{B8CC2888-3DAE-429F-809B-2F704F073F33}.Debug|x86.Build.0 = Debug|Win32
		{B8CC2888-3DAE-429F-809B-2F704F073F33}.Release|x64.ActiveCfg = Release|x64
		{B8CC2888-3DAE-429F-809B-2F704F073F33}.Release|x64.Build.0 = Release|x64
		{B8CC2888-3DAE-429F-809B-2F704F073F33}.Release|x86.ActiveCfg = Release|Win32
		{B8CC2888-3DAE-429F-809B-2F704F073F33}.Release|x86.Build.0 = Release|Win32
	EndGlobalSection
	GlobalSection(SolutionProperties) = preSolution
		HideSolutionNode = FALSE
	EndGlobalSection
	GlobalSection(ExtensibilityGlobals) = postSolution
		SolutionGuid = {BE666745-701E-4FFC-B378-08DED9F1D2B3}
	EndGlobalSection
EndGlobal
